
Microsoft Visual Studio Solution File, Format Version 12.00
# Visual Studio 15
VisualStudioVersion = 15.0.28307.421
MinimumVisualStudioVersion = 10.0.40219.1
Project("{FAE04EC0-301F-11D3-BF4B-00C04F79EFBC}") = "WpfControl", "WpfControl\WpfControl.csproj", "{AF2595E4-54E9-4945-90C1-6753E3DDE3A3}"
EndProject
Global
	GlobalSection(SolutionConfigurationPlatforms) = preSolution
		Debug|Any CPU = Debug|Any CPU
		Release|Any CPU = Release|Any CPU
	EndGlobalSection
	GlobalSection(ProjectConfigurationPlatforms) = postSolution
		{AF2595E4-54E9-4945-90C1-6753E3DDE3A3}.Debug|Any CPU.ActiveCfg = Debug|Any CPU
		{AF2595E4-54E9-4945-90C1-6753E3DDE3A3}.Debug|Any CPU.Build.0 = Debug|Any CPU
		{AF2595E4-54E9-4945-90C1-6753E3DDE3A3}.Release|Any CPU.ActiveCfg = Release|Any CPU
		{AF2595E4-54E9-4945-90C1-6753E3DDE3A3}.Release|Any CPU.Build.0 = Release|Any CPU
	EndGlobalSection
	GlobalSection(SolutionProperties) = preSolution
		HideSolutionNode = FALSE
	EndGlobalSection
	GlobalSection(ExtensibilityGlobals) = postSolution
		SolutionGuid = {8CAB4276-F9E2-4472-A199-DCB5596A3719}
	EndGlobalSection
EndGlobal
